{
  "requires": true,
  "lockfileVersion": 1,
  "dependencies": {
    "@alloc/types": {
      "version": "1.3.0",
      "resolved": "https://registry.npmjs.org/@alloc/types/-/types-1.3.0.tgz",
      "integrity": "sha512-mH7LiFiq9g6rX2tvt1LtwsclfG5hnsmtIfkZiauAGrm1AwXhoRS0sF2WrN9JGN7eV5vFXqNaB0eXZ3IvMsVi9g=="
    },
    "@react-spring/animated": {
      "version": "9.0.0",
      "resolved": "https://registry.npmjs.org/@react-spring/animated/-/animated-9.0.0.tgz",
      "integrity": "sha512-6EF7iNnBJzFozqc9rhdAvqW5WAIcLO3VapGd8OjRqHPL27zHP14n9klfPx2ccSPtVqs5EbttG6a+ntiP6RUTGw==",
      "requires": {
        "@react-spring/shared": "^9.0.0",
        "@react-spring/types": "^9.0.0",
        "react-layout-effect": "^1.0.1"
      }
    },
    "@react-spring/core": {
      "version": "9.0.0",
      "resolved": "https://registry.npmjs.org/@react-spring/core/-/core-9.0.0.tgz",
      "integrity": "sha512-VE193rRuv4BKON+K+UpHhPfs2snt2ySr0bYz35Lm+7Xw9PDoV7VVsoG3p/K/zNKLJWioyUQXKI0UkbUaS3KCfQ==",
      "requires": {
        "@react-spring/animated": "^9.0.0",
        "@react-spring/shared": "^9.0.0",
        "@react-spring/types": "^9.0.0",
        "react-layout-effect": "^1.0.1"
      }
    },
    "@react-spring/shared": {
      "version": "9.0.0",
      "resolved": "https://registry.npmjs.org/@react-spring/shared/-/shared-9.0.0.tgz",
      "integrity": "sha512-cbVTcepW5vj5BtGwxm6DU19C1QgK55YiPiEGRQLoQuvyKo/6LUPTWg0DO+Nzti90d52hcyb2WnGA5tE8sQHifw==",
      "requires": {
        "@react-spring/types": "^9.0.0",
        "fluids": "^0.2.2",
        "rafz": "^0.1.13"
      }
    },
    "@react-spring/types": {
      "version": "9.0.0",
      "resolved": "https://registry.npmjs.org/@react-spring/types/-/types-9.0.0.tgz",
      "integrity": "sha512-29PVjz3luTk1gMV6ZjVKmyIT45tpTKd7g37hfAzYE8drm7bOC5T/kcLM+gXl2HRYCwrzXKduW7jOwjlpEmma+w==",
      "requires": {
        "@alloc/types": "^1.2.1"
      }
    },
    "@react-spring/web": {
      "version": "9.0.0",
      "resolved": "https://registry.npmjs.org/@react-spring/web/-/web-9.0.0.tgz",
      "integrity": "sha512-A75WR7eYUS1p80KQcmVOakWwXCZ/+bnGd4FhKfAm8E4Kl//ZvPXVMuOuPP8hOsxy5sd7FZkbIULOCsRvXHFRQg==",
      "requires": {
        "@react-spring/animated": "^9.0.0",
        "@react-spring/core": "^9.0.0",
        "@react-spring/shared": "^9.0.0",
        "@react-spring/types": "^9.0.0"
      }
    },
    "fluids": {
      "version": "0.2.8",
      "resolved": "https://registry.npmjs.org/fluids/-/fluids-0.2.8.tgz",
      "integrity": "sha512-60W1IZZaIm7OeNKhlyxNgCqEt0t89ds+RODxiWy6BVgaolK1eXFCamIEmxdAx8o83XtuH1haIl5QkOX2nff9wA=="
    },
    "rafz": {
      "version": "0.1.14",
      "resolved": "https://registry.npmjs.org/rafz/-/rafz-0.1.14.tgz",
      "integrity": "sha512-YiQkedSt1urYtYbvHhTQR3l67M8SZbUvga5eJFM/v4vx/GmDdtXlE2hjJIyRjhhO/PjcdGC+CXCYOUA4onit8w=="
    },
    "react-layout-effect": {
      "version": "1.0.5",
      "resolved": "https://registry.npmjs.org/react-layout-effect/-/react-layout-effect-1.0.5.tgz",
      "integrity": "sha512-zdRXHuch+OBHU6bvjTelOGUCM+UDr/iCY+c0wXLEAc+G4/FlcJruD/hUOzlKH5XgO90Y/BUJPNhI/g9kl+VAsA=="
    }
  }
}
